// !$*UTF8*$!
{
	archiveVersion = 1;
	classes = {
	};
	objectVersion = 46;
	objects = {

/* Begin PBXBuildFile section */
		6A1932581AA83E1100472F76 /* AppDelegate.swift in Sources */ = {isa = PBXBuildFile; fileRef = 6A1932571AA83E1100472F76 /* AppDelegate.swift */; };
		6A19325A1AA83E1100472F76 /* ViewController.swift in Sources */ = {isa = PBXBuildFile; fileRef = 6A1932591AA83E1100472F76 /* ViewController.swift */; };
		6A19325D1AA83E1200472F76 /* Main.storyboard in Resources */ = {isa = PBXBuildFile; fileRef = 6A19325B1AA83E1100472F76 /* Main.storyboard */; };
		6A19325F1AA83E1200472F76 /* Images.xcassets in Resources */ = {isa = PBXBuildFile; fileRef = 6A19325E1AA83E1200472F76 /* Images.xcassets */; };
		6A1932621AA83E1200472F76 /* LaunchScreen.xib in Resources */ = {isa = PBXBuildFile; fileRef = 6A1932601AA83E1200472F76 /* LaunchScreen.xib */; };
		6A19326E1AA83E1200472F76 /* SingAsOneTests.swift in Sources */ = {isa = PBXBuildFile; fileRef = 6A19326D1AA83E1200472F76 /* SingAsOneTests.swift */; };
/* End PBXBuildFile section */

/* Begin PBXContainerItemProxy section */
		6A1932681AA83E1200472F76 /* PBXContainerItemProxy */ = {
			isa = PBXContainerItemProxy;
			containerPortal = 6A19324A1AA83E1100472F76 /* Project object */;
			proxyType = 1;
			remoteGlobalIDString = 6A1932511AA83E1100472F76;
			remoteInfo = SingAsOne;
		};
/* End PBXContainerItemProxy section */

/* Begin PBXFileReference section */
		6A1932521AA83E1100472F76 /* SingAsOne.app */ = {isa = PBXFileReference; explicitFileType = wrapper.application; includeInIndex = 0; path = SingAsOne.app; sourceTree = BUILT_PRODUCTS_DIR; };
		6A1932561AA83E1100472F76 /* Info.plist */ = {isa = PBXFileReference; lastKnownFileType = text.plist.xml; path = Info.plist; sourceTree = "<group>"; };
		6A1932571AA83E1100472F76 /* AppDelegate.swift */ = {isa = PBXFileReference; lastKnownFileType = sourcecode.swift; path = AppDelegate.swift; sourceTree = "<group>"; };
		6A1932591AA83E1100472F76 /* ViewController.swift */ = {isa = PBXFileReference; lastKnownFileType = sourcecode.swift; path = ViewController.swift; sourceTree = "<group>"; };
		6A19325C1AA83E1100472F76 /* Base */ = {isa = PBXFileReference; lastKnownFileType = file.storyboard; name = Base; path = Base.lproj/Main.storyboard; sourceTree = "<group>"; };
		6A19325E1AA83E1200472F76 /* Images.xcassets */ = {isa = PBXFileReference; lastKnownFileType = folder.assetcatalog; path = Images.xcassets; sourceTree = "<group>"; };
		6A1932611AA83E1200472F76 /* Base */ = {isa = PBXFileReference; lastKnownFileType = file.xib; name = Base; path = Base.lproj/LaunchScreen.xib; sourceTree = "<group>"; };
		6A1932671AA83E1200472F76 /* SingAsOneTests.xctest */ = {isa = PBXFileReference; explicitFileType = wrapper.cfbundle; includeInIndex = 0; path = SingAsOneTests.xctest; sourceTree = BUILT_PRODUCTS_DIR; };
		6A19326C1AA83E1200472F76 /* Info.plist */ = {isa = PBXFileReference; lastKnownFileType = text.plist.xml; path = Info.plist; sourceTree = "<group>"; };
		6A19326D1AA83E1200472F76 /* SingAsOneTests.swift */ = {isa = PBXFileReference; lastKnownFileType = sourcecode.swift; path = SingAsOneTests.swift; sourceTree = "<group>"; };
/* End PBXFileReference section */

/* Begin PBXFrameworksBuildPhase section */
		6A19324F1AA83E1100472F76 /* Frameworks */ = {
			isa = PBXFrameworksBuildPhase;
			buildActionMask = 2147483647;
			files = (
			);
			runOnlyForDeploymentPostprocessing = 0;
		};
		6A1932641AA83E1200472F76 /* Frameworks */ = {
			isa = PBXFrameworksBuildPhase;
			buildActionMask = 2147483647;
			files = (
			);
			runOnlyForDeploymentPostprocessing = 0;
		};
/* End PBXFrameworksBuildPhase section */

/* Begin PBXGroup section */
		6A1932491AA83E1100472F76 = {
			isa = PBXGroup;
			children = (
				6A1932541AA83E1100472F76 /* SingAsOne */,
				6A19326A1AA83E1200472F76 /* SingAsOneTests */,
				6A1932531AA83E1100472F76 /* Products */,
			);
			sourceTree = "<group>";
		};
		6A1932531AA83E1100472F76 /* Products */ = {
			isa = PBXGroup;
			children = (
				6A1932521AA83E1100472F76 /* SingAsOne.app */,
				6A1932671AA83E1200472F76 /* SingAsOneTests.xctest */,
			);
			name = Products;
			sourceTree = "<group>";
		};
		6A1932541AA83E1100472F76 /* SingAsOne */ = {
			isa = PBXGroup;
			children = (
				6A1932571AA83E1100472F76 /* AppDelegate.swift */,
				6A1932591AA83E1100472F76 /* ViewController.swift */,
				6A19325B1AA83E1100472F76 /* Main.storyboard */,
				6A19325E1AA83E1200472F76 /* Images.xcassets */,
				6A1932601AA83E1200472F76 /* LaunchScreen.xib */,
				6A1932551AA83E1100472F76 /* Supporting Files */,
			);
			path = SingAsOne;
			sourceTree = "<group>";
		};
		6A1932551AA83E1100472F76 /* Supporting Files */ = {
			isa = PBXGroup;
			children = (
				6A1932561AA83E1100472F76 /* Info.plist */,
			);
			name = "Supporting Files";
			sourceTree = "<group>";
		};
		6A19326A1AA83E1200472F76 /* SingAsOneTests */ = {
			isa = PBXGroup;
			children = (
				6A19326D1AA83E1200472F76 /* SingAsOneTests.swift */,
				6A19326B1AA83E1200472F76 /* Supporting Files */,
			);
			path = SingAsOneTests;
			sourceTree = "<group>";
		};
		6A19326B1AA83E1200472F76 /* Supporting Files */ = {
			isa = PBXGroup;
			children = (
				6A19326C1AA83E1200472F76 /* Info.plist */,
			);
			name = "Supporting Files";
			sourceTree = "<group>";
		};
/* End PBXGroup section */

/* Begin PBXNativeTarget section */
		6A1932511AA83E1100472F76 /* SingAsOne */ = {
			isa = PBXNativeTarget;
			buildConfigurationList = 6A1932711AA83E1200472F76 /* Build configuration list for PBXNativeTarget "SingAsOne" */;
			buildPhases = (
				6A19324E1AA83E1100472F76 /* Sources */,
				6A19324F1AA83E1100472F76 /* Frameworks */,
				6A1932501AA83E1100472F76 /* Resources */,
			);
			buildRules = (
			);
			dependencies = (
			);
			name = SingAsOne;
			productName = SingAsOne;
			productReference = 6A1932521AA83E1100472F76 /* SingAsOne.app */;
			productType = "com.apple.product-type.application";
		};
		6A1932661AA83E1200472F76 /* SingAsOneTests */ = {
			isa = PBXNativeTarget;
			buildConfigurationList = 6A1932741AA83E1200472F76 /* Build configuration list for PBXNativeTarget "SingAsOneTests" */;
			buildPhases = (
				6A1932631AA83E1200472F76 /* Sources */,
				6A1932641AA83E1200472F76 /* Frameworks */,
				6A1932651AA83E1200472F76 /* Resources */,
			);
			buildRules = (
			);
			dependencies = (
				6A1932691AA83E1200472F76 /* PBXTargetDependency */,
			);
			name = SingAsOneTests;
			productName = SingAsOneTests;
			productReference = 6A1932671AA83E1200472F76 /* SingAsOneTests.xctest */;
			productType = "com.apple.product-type.bundle.unit-test";
		};
/* End PBXNativeTarget section */

/* Begin PBXProject section */
		6A19324A1AA83E1100472F76 /* Project object */ = {
			isa = PBXProject;
			attributes = {
				LastUpgradeCheck = 0610;
				ORGANIZATIONNAME = "Jia Wen Li";
				TargetAttributes = {
					6A1932511AA83E1100472F76 = {
						CreatedOnToolsVersion = 6.1.1;
					};
					6A1932661AA83E1200472F76 = {
						CreatedOnToolsVersion = 6.1.1;
						TestTargetID = 6A1932511AA83E1100472F76;
					};
				};
			};
			buildConfigurationList = 6A19324D1AA83E1100472F76 /* Build configuration list for PBXProject "SingAsOne" */;
			compatibilityVersion = "Xcode 3.2";
			developmentRegion = English;
			hasScannedForEncodings = 0;
			knownRegions = (
				en,
				Base,
			);
			mainGroup = 6A1932491AA83E1100472F76;
			productRefGroup = 6A1932531AA83E1100472F76 /* Products */;
			projectDirPath = "";
			projectRoot = "";
			targets = (
				6A1932511AA83E1100472F76 /* SingAsOne */,
				6A1932661AA83E1200472F76 /* SingAsOneTests */,
			);
		};
/* End PBXProject section */

/* Begin PBXResourcesBuildPhase section */
		6A1932501AA83E1100472F76 /* Resources */ = {
			isa = PBXResourcesBuildPhase;
			buildActionMask = 2147483647;
			files = (
				6A19325D1AA83E1200472F76 /* Main.storyboard in Resources */,
				6A1932621AA83E1200472F76 /* LaunchScreen.xib in Resources */,
				6A19325F1AA83E1200472F76 /* Images.xcassets in Resources */,
			);
			runOnlyForDeploymentPostprocessing = 0;
		};
		6A1932651AA83E1200472F76 /* Resources */ = {
			isa = PBXResourcesBuildPhase;
			buildActionMask = 2147483647;
			files = (
			);
			runOnlyForDeploymentPostprocessing = 0;
		};
/* End PBXResourcesBuildPhase section */

/* Begin PBXSourcesBuildPhase section */
		6A19324E1AA83E1100472F76 /* Sources */ = {
			isa = PBXSourcesBuildPhase;
			buildActionMask = 2147483647;
			files = (
				6A19325A1AA83E1100472F76 /* ViewController.swift in Sources */,
				6A1932581AA83E1100472F76 /* AppDelegate.swift in Sources */,
			);
			runOnlyForDeploymentPostprocessing = 0;
		};
		6A1932631AA83E1200472F76 /* Sources */ = {
			isa = PBXSourcesBuildPhase;
			buildActionMask = 2147483647;
			files = (
				6A19326E1AA83E1200472F76 /* SingAsOneTests.swift in Sources */,
			);
			runOnlyForDeploymentPostprocessing = 0;
		};
/* End PBXSourcesBuildPhase section */

/* Begin PBXTargetDependency section */
		6A1932691AA83E1200472F76 /* PBXTargetDependency */ = {
			isa = PBXTargetDependency;
			target = 6A1932511AA83E1100472F76 /* SingAsOne */;
			targetProxy = 6A1932681AA83E1200472F76 /* PBXContainerItemProxy */;
		};
/* End PBXTargetDependency section */

/* Begin PBXVariantGroup section */
		6A19325B1AA83E1100472F76 /* Main.storyboard */ = {
			isa = PBXVariantGroup;
			children = (
				6A19325C1AA83E1100472F76 /* Base */,
			);
			name = Main.storyboard;
			sourceTree = "<group>";
		};
		6A1932601AA83E1200472F76 /* LaunchScreen.xib */ = {
			isa = PBXVariantGroup;
			children = (
				6A1932611AA83E1200472F76 /* Base */,
			);
			name = LaunchScreen.xib;
			sourceTree = "<group>";
		};
/* End PBXVariantGroup section */

/* Begin XCBuildConfiguration section */
		6A19326F1AA83E1200472F76 /* Debug */ = {
			isa = XCBuildConfiguration;
			buildSettings = {
				ALWAYS_SEARCH_USER_PATHS = NO;
				CLANG_CXX_LANGUAGE_STANDARD = "gnu++0x";
				CLANG_CXX_LIBRARY = "libc++";
				CLANG_ENABLE_MODULES = YES;
				CLANG_ENABLE_OBJC_ARC = YES;
				CLANG_WARN_BOOL_CONVERSION = YES;
				CLANG_WARN_CONSTANT_CONVERSION = YES;
				CLANG_WARN_DIRECT_OBJC_ISA_USAGE = YES_ERROR;
				CLANG_WARN_EMPTY_BODY = YES;
				CLANG_WARN_ENUM_CONVERSION = YES;
				CLANG_WARN_INT_CONVERSION = YES;
				CLANG_WARN_OBJC_ROOT_CLASS = YES_ERROR;
				CLANG_WARN_UNREACHABLE_CODE = YES;
				CLANG_WARN__DUPLICATE_METHOD_MATCH = YES;
				"CODE_SIGN_IDENTITY[sdk=iphoneos*]" = "iPhone Developer";
				COPY_PHASE_STRIP = NO;
				ENABLE_STRICT_OBJC_MSGSEND = YES;
				GCC_C_LANGUAGE_STANDARD = gnu99;
				GCC_DYNAMIC_NO_PIC = NO;
				GCC_OPTIMIZATION_LEVEL = 0;
				GCC_PREPROCESSOR_DEFINITIONS = (
					"DEBUG=1",
					"$(inherited)",
				);
				GCC_SYMBOLS_PRIVATE_EXTERN = NO;
				GCC_WARN_64_TO_32_BIT_CONVERSION = YES;
				GCC_WARN_ABOUT_RETURN_TYPE = YES_ERROR;
				GCC_WARN_UNDECLARED_SELECTOR = YES;
				GCC_WARN_UNINITIALIZED_AUTOS = YES_AGGRESSIVE;
				GCC_WARN_UNUSED_FUNCTION = YES;
				GCC_WARN_UNUSED_VARIABLE = YES;
				IPHONEOS_DEPLOYMENT_TARGET = 8.1;
				MTL_ENABLE_DEBUG_INFO = YES;
				ONLY_ACTIVE_ARCH = YES;
				SDKROOT = iphoneos;
				SWIFT_OPTIMIZATION_LEVEL = "-Onone";
				TARGETED_DEVICE_FAMILY = "1,2";
			};
			name = Debug;
		};
		6A1932701AA83E1200472F76 /* Release */ = {
			isa = XCBuildConfiguration;
			buildSettings = {
				ALWAYS_SEARCH_USER_PATHS = NO;
				CLANG_CXX_LANGUAGE_STANDARD = "gnu++0x";
				CLANG_CXX_LIBRARY = "libc++";
				CLANG_ENABLE_MODULES = YES;
				CLANG_ENABLE_OBJC_ARC = YES;
				CLANG_WARN_BOOL_CONVERSION = YES;
				CLANG_WARN_CONSTANT_CONVERSION = YES;
				CLANG_WARN_DIRECT_OBJC_ISA_USAGE = YES_ERROR;
				CLANG_WARN_EMPTY_BODY = YES;
				CLANG_WARN_ENUM_CONVERSION = YES;
				CLANG_WARN_INT_CONVERSION = YES;
				CLANG_WARN_OBJC_ROOT_CLASS = YES_ERROR;
				CLANG_WARN_UNREACHABLE_CODE = YES;
				CLANG_WARN__DUPLICATE_METHOD_MATCH = YES;
				"CODE_SIGN_IDENTITY[sdk=iphoneos*]" = "iPhone Developer";
				COPY_PHASE_STRIP = YES;
				ENABLE_NS_ASSERTIONS = NO;
				ENABLE_STRICT_OBJC_MSGSEND = YES;
				GCC_C_LANGUAGE_STANDARD = gnu99;
				GCC_WARN_64_TO_32_BIT_CONVERSION = YES;
				GCC_WARN_ABOUT_RETURN_TYPE = YES_ERROR;
				GCC_WARN_UNDECLARED_SELECTOR = YES;
				GCC_WARN_UNINITIALIZED_AUTOS = YES_AGGRESSIVE;
				GCC_WARN_UNUSED_FUNCTION = YES;
				GCC_WARN_UNUSED_VARIABLE = YES;
				IPHONEOS_DEPLOYMENT_TARGET = 8.1;
				MTL_ENABLE_DEBUG_INFO = NO;
				SDKROOT = iphoneos;
				TARGETED_DEVICE_FAMILY = "1,2";
				VALIDATE_PRODUCT = YES;
			};
			name = Release;
		};
		6A1932721AA83E1200472F76 /* Debug */ = {
			isa = XCBuildConfiguration;
			buildSettings = {
				ASSETCATALOG_COMPILER_APPICON_NAME = AppIcon;
				INFOPLIST_FILE = SingAsOne/Info.plist;
				LD_RUNPATH_SEARCH_PATHS = "$(inherited) @executable_path/Frameworks";
				PRODUCT_NAME = "$(TARGET_NAME)";
			};
			name = Debug;
		};
		6A1932731AA83E1200472F76 /* Release */ = {
			isa = XCBuildConfiguration;
			buildSettings = {
				ASSETCATALOG_COMPILER_APPICON_NAME = AppIcon;
				INFOPLIST_FILE = SingAsOne/Info.plist;
				LD_RUNPATH_SEARCH_PATHS = "$(inherited) @executable_path/Frameworks";
				PRODUCT_NAME = "$(TARGET_NAME)";
			};
			name = Release;
		};
		6A1932751AA83E1200472F76 /* Debug */ = {
			isa = XCBuildConfiguration;
			buildSettings = {
				BUNDLE_LOADER = "$(TEST_HOST)";
				FRAMEWORK_SEARCH_PATHS = (
					"$(SDKROOT)/Developer/Library/Frameworks",
					"$(inherited)",
				);
				GCC_PREPROCESSOR_DEFINITIONS = (
					"DEBUG=1",
					"$(inherited)",
				);
				INFOPLIST_FILE = SingAsOneTests/Info.plist;
				LD_RUNPATH_SEARCH_PATHS = "$(inherited) @executable_path/Frameworks @loader_path/Frameworks";
				PRODUCT_NAME = "$(TARGET_NAME)";
				TEST_HOST = "$(BUILT_PRODUCTS_DIR)/SingAsOne.app/SingAsOne";
			};
			name = Debug;
		};
		6A1932761AA83E1200472F76 /* Release */ = {
			isa = XCBuildConfiguration;
			buildSettings = {
				BUNDLE_LOADER = "$(TEST_HOST)";
				FRAMEWORK_SEARCH_PATHS = (
					"$(SDKROOT)/Developer/Library/Frameworks",
					"$(inherited)",
				);
				INFOPLIST_FILE = SingAsOneTests/Info.plist;
				LD_RUNPATH_SEARCH_PATHS = "$(inherited) @executable_path/Frameworks @loader_path/Frameworks";
				PRODUCT_NAME = "$(TARGET_NAME)";
				TEST_HOST = "$(BUILT_PRODUCTS_DIR)/SingAsOne.app/SingAsOne";
			};
			name = Release;
		};
/* End XCBuildConfiguration section */

/* Begin XCConfigurationList section */
		6A19324D1AA83E1100472F76 /* Build configuration list for PBXProject "SingAsOne" */ = {
			isa = XCConfigurationList;
			buildConfigurations = (
				6A19326F1AA83E1200472F76 /* Debug */,
				6A1932701AA83E1200472F76 /* Release */,
			);
			defaultConfigurationIsVisible = 0;
			defaultConfigurationName = Release;
		};
		6A1932711AA83E1200472F76 /* Build configuration list for PBXNativeTarget "SingAsOne" */ = {
			isa = XCConfigurationList;
			buildConfigurations = (
				6A1932721AA83E1200472F76 /* Debug */,
				6A1932731AA83E1200472F76 /* Release */,
			);
			defaultConfigurationIsVisible = 0;
		};
		6A1932741AA83E1200472F76 /* Build configuration list for PBXNativeTarget "SingAsOneTests" */ = {
			isa = XCConfigurationList;
			buildConfigurations = (
				6A1932751AA83E1200472F76 /* Debug */,
				6A1932761AA83E1200472F76 /* Release */,
			);
			defaultConfigurationIsVisible = 0;
		};
/* End XCConfigurationList section */
	};
	rootObject = 6A19324A1AA83E1100472F76 /* Project object */;
}
